{
  "name": "debt_numbers_site",
  "version": "1.0.0",
  "lockfileVersion": 1,
  "requires": true,
  "dependencies": {
    "arrayrandompicker": {
      "version": "1.0.3",
      "resolved": "https://www.myget.org/F/storefeeder/npm/arrayrandompicker/-/arrayrandompicker-1.0.3.tgz",
      "integrity": "sha1-36I0xnSoQszzxwtOsMYCbWF8e48="
    }
  }
}
